
Microsoft Visual Studio Solution File, Format Version 12.00
# Visual Studio Version 17
VisualStudioVersion = 17.3.32929.385
MinimumVisualStudioVersion = 10.0.40219.1
Project("{9A19103F-16F7-4668-BE54-9A1E7A4F7556}") = "hdf5lib", "hdf5lib.csproj", "{22D35BF3-4ED1-402B-B264-EFA71AD74552}"
EndProject
Project("{FAE04EC0-301F-11D3-BF4B-00C04F79EFBC}") = "hdf5lib-tests", "..\hdf5lib-tests\hdf5lib-tests.csproj", "{D0556159-9CC4-4888-AAAC-8ADBA8160C20}"
EndProject
Global
	GlobalSection(SolutionConfigurationPlatforms) = preSolution
		Debug|Any CPU = Debug|Any CPU
		Release|Any CPU = Release|Any CPU
	EndGlobalSection
	GlobalSection(ProjectConfigurationPlatforms) = postSolution
		{22D35BF3-4ED1-402B-B264-EFA71AD74552}.Debug|Any CPU.ActiveCfg = Debug|Any CPU
		{22D35BF3-4ED1-402B-B264-EFA71AD74552}.Debug|Any CPU.Build.0 = Debug|Any CPU
		{22D35BF3-4ED1-402B-B264-EFA71AD74552}.Release|Any CPU.ActiveCfg = Release|Any CPU
		{22D35BF3-4ED1-402B-B264-EFA71AD74552}.Release|Any CPU.Build.0 = Release|Any CPU
		{D0556159-9CC4-4888-AAAC-8ADBA8160C20}.Debug|Any CPU.ActiveCfg = Debug|Any CPU
		{D0556159-9CC4-4888-AAAC-8ADBA8160C20}.Debug|Any CPU.Build.0 = Debug|Any CPU
		{D0556159-9CC4-4888-AAAC-8ADBA8160C20}.Release|Any CPU.ActiveCfg = Release|Any CPU
		{D0556159-9CC4-4888-AAAC-8ADBA8160C20}.Release|Any CPU.Build.0 = Release|Any CPU
	EndGlobalSection
	GlobalSection(SolutionProperties) = preSolution
		HideSolutionNode = FALSE
	EndGlobalSection
	GlobalSection(ExtensibilityGlobals) = postSolution
		SolutionGuid = {7355B148-4403-4683-8E1C-93AB72052026}
	EndGlobalSection
EndGlobal
